
Microsoft Visual Studio Solution File, Format Version 12.00
# Visual Studio Version 17
VisualStudioVersion = 17.14.36915.13 d17.14
MinimumVisualStudioVersion = 10.0.40219.1
Project("{888888A0-9F3D-457C-B088-3A5042F75D52}") = "housuing expenditure", "housuing expenditure.pyproj", "{F64DE48A-078F-4937-9EA0-7266ABBB5816}"
EndProject
Global
	GlobalSection(SolutionConfigurationPlatforms) = preSolution
		Debug|Any CPU = Debug|Any CPU
		Release|Any CPU = Release|Any CPU
	EndGlobalSection
	GlobalSection(ProjectConfigurationPlatforms) = postSolution
		{F64DE48A-078F-4937-9EA0-7266ABBB5816}.Debug|Any CPU.ActiveCfg = Debug|Any CPU
		{F64DE48A-078F-4937-9EA0-7266ABBB5816}.Release|Any CPU.ActiveCfg = Release|Any CPU
	EndGlobalSection
	GlobalSection(SolutionProperties) = preSolution
		HideSolutionNode = FALSE
	EndGlobalSection
	GlobalSection(ExtensibilityGlobals) = postSolution
		SolutionGuid = {728D7A0E-7625-4A39-BB70-8400E6C33523}
	EndGlobalSection
EndGlobal
